{
  "version": 4,
  "terraform_version": "1.0.9",
  "serial": 1,
  "lineage": "03f1426e-1cb9-0147-4990-83e06cb839e0",
  "outputs": {},
  "resources": [
    {
      "mode": "managed",
      "type": "random_id",
      "name": "bucket_prefix",
      "provider": "provider[\"registry.terraform.io/hashicorp/random\"]",
      "instances": [
        {
          "schema_version": 0,
          "attributes": {
            "b64_std": "Qe4PAMnYUuM=",
            "b64_url": "Qe4PAMnYUuM",
            "byte_length": 8,
            "dec": "4750751152983266019",
            "hex": "41ee0f00c9d852e3",
            "id": "Qe4PAMnYUuM",
            "keepers": null,
            "prefix": null
          },
          "sensitive_attributes": []
        }
      ]
    }
  ]
}
